
Microsoft Visual Studio Solution File, Format Version 12.00
# Visual Studio 15
VisualStudioVersion = 15.0.27703.1
MinimumVisualStudioVersion = 10.0.40219.1
Project("{FAE04EC0-301F-11D3-BF4B-00C04F79EFBC}") = "Xamarin.AbbyRtr.iOS", "Xamarin.AbbyRtr.iOS.csproj", "{C0B94EA3-9CF1-42BA-9947-F35D69BB36D0}"
EndProject
Global
	GlobalSection(SolutionConfigurationPlatforms) = preSolution
		Debug|Any CPU = Debug|Any CPU
		Release|Any CPU = Release|Any CPU
	EndGlobalSection
	GlobalSection(ProjectConfigurationPlatforms) = postSolution
		{C0B94EA3-9CF1-42BA-9947-F35D69BB36D0}.Debug|Any CPU.ActiveCfg = Debug|Any CPU
		{C0B94EA3-9CF1-42BA-9947-F35D69BB36D0}.Debug|Any CPU.Build.0 = Debug|Any CPU
		{C0B94EA3-9CF1-42BA-9947-F35D69BB36D0}.Release|Any CPU.ActiveCfg = Release|Any CPU
		{C0B94EA3-9CF1-42BA-9947-F35D69BB36D0}.Release|Any CPU.Build.0 = Release|Any CPU
	EndGlobalSection
	GlobalSection(SolutionProperties) = preSolution
		HideSolutionNode = FALSE
	EndGlobalSection
	GlobalSection(ExtensibilityGlobals) = postSolution
		SolutionGuid = {BD308347-16F2-4C46-8BC8-B7D4557A589C}
	EndGlobalSection
EndGlobal
